
Microsoft Visual Studio Solution File, Format Version 12.00
# Visual Studio 14
VisualStudioVersion = 14.0.24720.0
MinimumVisualStudioVersion = 10.0.40219.1
Project("{F2A71F9B-5D33-465A-A702-920D77279786}") = "FSharpApi", "FSharpApi\FSharpApi.fsproj", "{F47A7736-A18D-4F17-B384-92157C91F699}"
EndProject
Project("{FAE04EC0-301F-11D3-BF4B-00C04F79EFBC}") = "StraightCsApi", "StraightCsApi\StraightCsApi.csproj", "{8336E7DB-0E16-4249-A29F-1E1EDB9E00FA}"
EndProject
Global
	GlobalSection(SolutionConfigurationPlatforms) = preSolution
		Debug|Any CPU = Debug|Any CPU
		Release|Any CPU = Release|Any CPU
	EndGlobalSection
	GlobalSection(ProjectConfigurationPlatforms) = postSolution
		{F47A7736-A18D-4F17-B384-92157C91F699}.Debug|Any CPU.ActiveCfg = Debug|Any CPU
		{F47A7736-A18D-4F17-B384-92157C91F699}.Debug|Any CPU.Build.0 = Debug|Any CPU
		{F47A7736-A18D-4F17-B384-92157C91F699}.Release|Any CPU.ActiveCfg = Release|Any CPU
		{F47A7736-A18D-4F17-B384-92157C91F699}.Release|Any CPU.Build.0 = Release|Any CPU
		{8336E7DB-0E16-4249-A29F-1E1EDB9E00FA}.Debug|Any CPU.ActiveCfg = Debug|Any CPU
		{8336E7DB-0E16-4249-A29F-1E1EDB9E00FA}.Debug|Any CPU.Build.0 = Debug|Any CPU
		{8336E7DB-0E16-4249-A29F-1E1EDB9E00FA}.Release|Any CPU.ActiveCfg = Release|Any CPU
		{8336E7DB-0E16-4249-A29F-1E1EDB9E00FA}.Release|Any CPU.Build.0 = Release|Any CPU
	EndGlobalSection
	GlobalSection(SolutionProperties) = preSolution
		HideSolutionNode = FALSE
	EndGlobalSection
EndGlobal
